{
  "originHash" : "3b5a41b8fedee931bf195f7a8ad3b2c70e099036f6b8d419571b8b51c2c76689",
  "pins" : [
    {
      "identity" : "mpvkit",
      "kind" : "remoteSourceControl",
      "location" : "https://github.com/mpvkit/MPVKit",
      "state" : {
        "revision" : "613c0ccc3acf70e136aaff880a9b5fe8fdfaf5b8",
        "version" : "0.41.0"
      }
    }
  ],
  "version" : 3
}
